
Microsoft Visual Studio Solution File, Format Version 12.00
# Visual Studio Version 17
VisualStudioVersion = 17.13.35931.197 d17.13
MinimumVisualStudioVersion = 10.0.40219.1
Project("{FAE04EC0-301F-11D3-BF4B-00C04F79EFBC}") = "MyAquariumManager.Web", "MyAquariumManager.Web\MyAquariumManager.Web.csproj", "{BD6E5B1C-BC21-400B-9417-DF45676AEE2A}"
EndProject
Project("{FAE04EC0-301F-11D3-BF4B-00C04F79EFBC}") = "MyAquariumManager.Core", "MyAquariumManager.Core\MyAquariumManager.Core.csproj", "{470C47DA-92A9-4DE6-91AD-A782D601129F}"
EndProject
Project("{FAE04EC0-301F-11D3-BF4B-00C04F79EFBC}") = "MyAquariumManager.Infrastructure", "MyAquariumManager.Infrastructure\MyAquariumManager.Infrastructure.csproj", "{F0B8A986-EA2E-4829-B343-339D86EDFBE8}"
EndProject
Project("{FAE04EC0-301F-11D3-BF4B-00C04F79EFBC}") = "MyAquariumManager.Application", "MyAquariumManager.Application\MyAquariumManager.Application.csproj", "{D63DA0A3-54BE-48EE-A760-5A7A87084473}"
EndProject
Global
	GlobalSection(SolutionConfigurationPlatforms) = preSolution
		Debug|Any CPU = Debug|Any CPU
		Release|Any CPU = Release|Any CPU
	EndGlobalSection
	GlobalSection(ProjectConfigurationPlatforms) = postSolution
		{BD6E5B1C-BC21-400B-9417-DF45676AEE2A}.Debug|Any CPU.ActiveCfg = Debug|Any CPU
		{BD6E5B1C-BC21-400B-9417-DF45676AEE2A}.Debug|Any CPU.Build.0 = Debug|Any CPU
		{BD6E5B1C-BC21-400B-9417-DF45676AEE2A}.Release|Any CPU.ActiveCfg = Release|Any CPU
		{BD6E5B1C-BC21-400B-9417-DF45676AEE2A}.Release|Any CPU.Build.0 = Release|Any CPU
		{470C47DA-92A9-4DE6-91AD-A782D601129F}.Debug|Any CPU.ActiveCfg = Debug|Any CPU
		{470C47DA-92A9-4DE6-91AD-A782D601129F}.Debug|Any CPU.Build.0 = Debug|Any CPU
		{470C47DA-92A9-4DE6-91AD-A782D601129F}.Release|Any CPU.ActiveCfg = Release|Any CPU
		{470C47DA-92A9-4DE6-91AD-A782D601129F}.Release|Any CPU.Build.0 = Release|Any CPU
		{F0B8A986-EA2E-4829-B343-339D86EDFBE8}.Debug|Any CPU.ActiveCfg = Debug|Any CPU
		{F0B8A986-EA2E-4829-B343-339D86EDFBE8}.Debug|Any CPU.Build.0 = Debug|Any CPU
		{F0B8A986-EA2E-4829-B343-339D86EDFBE8}.Release|Any CPU.ActiveCfg = Release|Any CPU
		{F0B8A986-EA2E-4829-B343-339D86EDFBE8}.Release|Any CPU.Build.0 = Release|Any CPU
		{D63DA0A3-54BE-48EE-A760-5A7A87084473}.Debug|Any CPU.ActiveCfg = Debug|Any CPU
		{D63DA0A3-54BE-48EE-A760-5A7A87084473}.Debug|Any CPU.Build.0 = Debug|Any CPU
		{D63DA0A3-54BE-48EE-A760-5A7A87084473}.Release|Any CPU.ActiveCfg = Release|Any CPU
		{D63DA0A3-54BE-48EE-A760-5A7A87084473}.Release|Any CPU.Build.0 = Release|Any CPU
	EndGlobalSection
	GlobalSection(SolutionProperties) = preSolution
		HideSolutionNode = FALSE
	EndGlobalSection
	GlobalSection(ExtensibilityGlobals) = postSolution
		SolutionGuid = {B029F715-516E-465E-AA33-1063F1AB6F86}
	EndGlobalSection
EndGlobal
